
Microsoft Visual Studio Solution File, Format Version 12.00
# Visual Studio Version 16
VisualStudioVersion = 16.0.29728.190
MinimumVisualStudioVersion = 10.0.40219.1
Project("{9A19103F-16F7-4668-BE54-9A1E7A4F7556}") = "BinaryTree", "BinaryTree\BinaryTree.csproj", "{724F44D7-69E4-40BB-AADF-4906E3EAD3D3}"
EndProject
Project("{9A19103F-16F7-4668-BE54-9A1E7A4F7556}") = "Test", "Test\Test.csproj", "{6A9F9235-5B80-468B-8A0C-0DC4038DF50A}"
EndProject
Global
	GlobalSection(SolutionConfigurationPlatforms) = preSolution
		Debug|Any CPU = Debug|Any CPU
		Release|Any CPU = Release|Any CPU
	EndGlobalSection
	GlobalSection(ProjectConfigurationPlatforms) = postSolution
		{724F44D7-69E4-40BB-AADF-4906E3EAD3D3}.Debug|Any CPU.ActiveCfg = Debug|Any CPU
		{724F44D7-69E4-40BB-AADF-4906E3EAD3D3}.Debug|Any CPU.Build.0 = Debug|Any CPU
		{724F44D7-69E4-40BB-AADF-4906E3EAD3D3}.Release|Any CPU.ActiveCfg = Release|Any CPU
		{724F44D7-69E4-40BB-AADF-4906E3EAD3D3}.Release|Any CPU.Build.0 = Release|Any CPU
		{6A9F9235-5B80-468B-8A0C-0DC4038DF50A}.Debug|Any CPU.ActiveCfg = Debug|Any CPU
		{6A9F9235-5B80-468B-8A0C-0DC4038DF50A}.Debug|Any CPU.Build.0 = Debug|Any CPU
		{6A9F9235-5B80-468B-8A0C-0DC4038DF50A}.Release|Any CPU.ActiveCfg = Release|Any CPU
		{6A9F9235-5B80-468B-8A0C-0DC4038DF50A}.Release|Any CPU.Build.0 = Release|Any CPU
	EndGlobalSection
	GlobalSection(SolutionProperties) = preSolution
		HideSolutionNode = FALSE
	EndGlobalSection
	GlobalSection(ExtensibilityGlobals) = postSolution
		SolutionGuid = {B9C5A451-2446-474D-B762-8E5A85BBB663}
	EndGlobalSection
EndGlobal
